
Microsoft Visual Studio Solution File, Format Version 12.00
# Visual Studio Version 17
VisualStudioVersion = 17.12.35506.116
MinimumVisualStudioVersion = 10.0.40219.1
Project("{FAE04EC0-301F-11D3-BF4B-00C04F79EFBC}") = "Q2SwitchCase", "Q2SwitchCase\Q2SwitchCase.csproj", "{EF610538-6E53-4500-809F-41CA21524D3E}"
EndProject
Project("{FAE04EC0-301F-11D3-BF4B-00C04F79EFBC}") = "CalcLib", "CalcLib\CalcLib.csproj", "{14399744-B7F5-4021-940B-BE60A0E197B5}"
EndProject
Project("{FAE04EC0-301F-11D3-BF4B-00C04F79EFBC}") = "Q3DoWhile", "Q3DoWhile\Q3DoWhile.csproj", "{654E8D49-80F7-4C80-BA04-7710AE81001E}"
EndProject
Global
	GlobalSection(SolutionConfigurationPlatforms) = preSolution
		Debug|Any CPU = Debug|Any CPU
		Release|Any CPU = Release|Any CPU
	EndGlobalSection
	GlobalSection(ProjectConfigurationPlatforms) = postSolution
		{EF610538-6E53-4500-809F-41CA21524D3E}.Debug|Any CPU.ActiveCfg = Debug|Any CPU
		{EF610538-6E53-4500-809F-41CA21524D3E}.Debug|Any CPU.Build.0 = Debug|Any CPU
		{EF610538-6E53-4500-809F-41CA21524D3E}.Release|Any CPU.ActiveCfg = Release|Any CPU
		{EF610538-6E53-4500-809F-41CA21524D3E}.Release|Any CPU.Build.0 = Release|Any CPU
		{14399744-B7F5-4021-940B-BE60A0E197B5}.Debug|Any CPU.ActiveCfg = Debug|Any CPU
		{14399744-B7F5-4021-940B-BE60A0E197B5}.Debug|Any CPU.Build.0 = Debug|Any CPU
		{14399744-B7F5-4021-940B-BE60A0E197B5}.Release|Any CPU.ActiveCfg = Release|Any CPU
		{14399744-B7F5-4021-940B-BE60A0E197B5}.Release|Any CPU.Build.0 = Release|Any CPU
		{654E8D49-80F7-4C80-BA04-7710AE81001E}.Debug|Any CPU.ActiveCfg = Debug|Any CPU
		{654E8D49-80F7-4C80-BA04-7710AE81001E}.Debug|Any CPU.Build.0 = Debug|Any CPU
		{654E8D49-80F7-4C80-BA04-7710AE81001E}.Release|Any CPU.ActiveCfg = Release|Any CPU
		{654E8D49-80F7-4C80-BA04-7710AE81001E}.Release|Any CPU.Build.0 = Release|Any CPU
	EndGlobalSection
	GlobalSection(SolutionProperties) = preSolution
		HideSolutionNode = FALSE
	EndGlobalSection
EndGlobal
